// !$*UTF8*$!
{
	archiveVersion = 1;
	classes = {
	};
	objectVersion = 55;
	objects = {

/* Begin PBXBuildFile section */
		F66D8607273550AE00B81159 /* AppDelegate.swift in Sources */ = {isa = PBXBuildFile; fileRef = F66D8606273550AE00B81159 /* AppDelegate.swift */; };
		F66D8609273550AE00B81159 /* SceneDelegate.swift in Sources */ = {isa = PBXBuildFile; fileRef = F66D8608273550AE00B81159 /* SceneDelegate.swift */; };
		F66D860E273550AE00B81159 /* Main.storyboard in Resources */ = {isa = PBXBuildFile; fileRef = F66D860C273550AE00B81159 /* Main.storyboard */; };
		F66D8610273550B000B81159 /* Assets.xcassets in Resources */ = {isa = PBXBuildFile; fileRef = F66D860F273550B000B81159 /* Assets.xcassets */; };
		F66D8613273550B000B81159 /* LaunchScreen.storyboard in Resources */ = {isa = PBXBuildFile; fileRef = F66D8611273550B000B81159 /* LaunchScreen.storyboard */; };
		F6A202CE2739099800A855E0 /* DetailVC.swift in Sources */ = {isa = PBXBuildFile; fileRef = F6A202CD2739099800A855E0 /* DetailVC.swift */; };
		F6EC19822737BD84006F295A /* HomeVC.swift in Sources */ = {isa = PBXBuildFile; fileRef = F6EC19812737BD84006F295A /* HomeVC.swift */; };
		F6EC19842737BD9F006F295A /* LifeVC.swift in Sources */ = {isa = PBXBuildFile; fileRef = F6EC19832737BD9F006F295A /* LifeVC.swift */; };
		F6EC19862737BDA9006F295A /* AroundVC.swift in Sources */ = {isa = PBXBuildFile; fileRef = F6EC19852737BDA9006F295A /* AroundVC.swift */; };
		F6EC19882737BDB7006F295A /* ChatVC.swift in Sources */ = {isa = PBXBuildFile; fileRef = F6EC19872737BDB7006F295A /* ChatVC.swift */; };
		F6EC198A2737BDC6006F295A /* MyCarrotVC.swift in Sources */ = {isa = PBXBuildFile; fileRef = F6EC19892737BDC6006F295A /* MyCarrotVC.swift */; };
		F6EC198C2737BE8B006F295A /* TabbarController.swift in Sources */ = {isa = PBXBuildFile; fileRef = F6EC198B2737BE8B006F295A /* TabbarController.swift */; };
		F6EC19A92737F07F006F295A /* PostTVC.swift in Sources */ = {isa = PBXBuildFile; fileRef = F6EC19A72737F07F006F295A /* PostTVC.swift */; };
		F6EC19AA2737F07F006F295A /* PostTVC.xib in Resources */ = {isa = PBXBuildFile; fileRef = F6EC19A82737F07F006F295A /* PostTVC.xib */; };
		F6EC19AE2737F4FB006F295A /* AppContent.swift in Sources */ = {isa = PBXBuildFile; fileRef = F6EC19AD2737F4FB006F295A /* AppContent.swift */; };
/* End PBXBuildFile section */

/* Begin PBXFileReference section */
		F66D8603273550AE00B81159 /* Carrot_Market_iOS.app */ = {isa = PBXFileReference; explicitFileType = wrapper.application; includeInIndex = 0; path = Carrot_Market_iOS.app; sourceTree = BUILT_PRODUCTS_DIR; };
		F66D8606273550AE00B81159 /* AppDelegate.swift */ = {isa = PBXFileReference; lastKnownFileType = sourcecode.swift; path = AppDelegate.swift; sourceTree = "<group>"; };
		F66D8608273550AE00B81159 /* SceneDelegate.swift */ = {isa = PBXFileReference; lastKnownFileType = sourcecode.swift; path = SceneDelegate.swift; sourceTree = "<group>"; };
		F66D860D273550AE00B81159 /* Base */ = {isa = PBXFileReference; lastKnownFileType = file.storyboard; name = Base; path = Base.lproj/Main.storyboard; sourceTree = "<group>"; };
		F66D860F273550B000B81159 /* Assets.xcassets */ = {isa = PBXFileReference; lastKnownFileType = folder.assetcatalog; path = Assets.xcassets; sourceTree = "<group>"; };
		F66D8612273550B000B81159 /* Base */ = {isa = PBXFileReference; lastKnownFileType = file.storyboard; name = Base; path = Base.lproj/LaunchScreen.storyboard; sourceTree = "<group>"; };
		F66D8614273550B000B81159 /* Info.plist */ = {isa = PBXFileReference; lastKnownFileType = text.plist.xml; path = Info.plist; sourceTree = "<group>"; };
		F6A202CD2739099800A855E0 /* DetailVC.swift */ = {isa = PBXFileReference; lastKnownFileType = sourcecode.swift; path = DetailVC.swift; sourceTree = "<group>"; };
		F6EC19812737BD84006F295A /* HomeVC.swift */ = {isa = PBXFileReference; lastKnownFileType = sourcecode.swift; path = HomeVC.swift; sourceTree = "<group>"; };
		F6EC19832737BD9F006F295A /* LifeVC.swift */ = {isa = PBXFileReference; lastKnownFileType = sourcecode.swift; path = LifeVC.swift; sourceTree = "<group>"; };
		F6EC19852737BDA9006F295A /* AroundVC.swift */ = {isa = PBXFileReference; lastKnownFileType = sourcecode.swift; path = AroundVC.swift; sourceTree = "<group>"; };
		F6EC19872737BDB7006F295A /* ChatVC.swift */ = {isa = PBXFileReference; lastKnownFileType = sourcecode.swift; path = ChatVC.swift; sourceTree = "<group>"; };
		F6EC19892737BDC6006F295A /* MyCarrotVC.swift */ = {isa = PBXFileReference; lastKnownFileType = sourcecode.swift; path = MyCarrotVC.swift; sourceTree = "<group>"; };
		F6EC198B2737BE8B006F295A /* TabbarController.swift */ = {isa = PBXFileReference; lastKnownFileType = sourcecode.swift; path = TabbarController.swift; sourceTree = "<group>"; };
		F6EC19A72737F07F006F295A /* PostTVC.swift */ = {isa = PBXFileReference; lastKnownFileType = sourcecode.swift; path = PostTVC.swift; sourceTree = "<group>"; };
		F6EC19A82737F07F006F295A /* PostTVC.xib */ = {isa = PBXFileReference; lastKnownFileType = file.xib; path = PostTVC.xib; sourceTree = "<group>"; };
		F6EC19AD2737F4FB006F295A /* AppContent.swift */ = {isa = PBXFileReference; lastKnownFileType = sourcecode.swift; path = AppContent.swift; sourceTree = "<group>"; };
/* End PBXFileReference section */

/* Begin PBXFrameworksBuildPhase section */
		F66D8600273550AE00B81159 /* Frameworks */ = {
			isa = PBXFrameworksBuildPhase;
			buildActionMask = 2147483647;
			files = (
			);
			runOnlyForDeploymentPostprocessing = 0;
		};
/* End PBXFrameworksBuildPhase section */

/* Begin PBXGroup section */
		F66D85FA273550AE00B81159 = {
			isa = PBXGroup;
			children = (
				F66D8605273550AE00B81159 /* Carrot_Market_iOS */,
				F66D8604273550AE00B81159 /* Products */,
			);
			sourceTree = "<group>";
		};
		F66D8604273550AE00B81159 /* Products */ = {
			isa = PBXGroup;
			children = (
				F66D8603273550AE00B81159 /* Carrot_Market_iOS.app */,
			);
			name = Products;
			sourceTree = "<group>";
		};
		F66D8605273550AE00B81159 /* Carrot_Market_iOS */ = {
			isa = PBXGroup;
			children = (
				F6EC19782737B062006F295A /* Resources */,
				F6EC19792737B07E006F295A /* Sources */,
				F66D8614273550B000B81159 /* Info.plist */,
			);
			path = Carrot_Market_iOS;
			sourceTree = "<group>";
		};
		F6EC19782737B062006F295A /* Resources */ = {
			isa = PBXGroup;
			children = (
				F66D860C273550AE00B81159 /* Main.storyboard */,
				F66D8611273550B000B81159 /* LaunchScreen.storyboard */,
				F66D860F273550B000B81159 /* Assets.xcassets */,
				F6EC197E2737B29F006F295A /* Xibs */,
			);
			path = Resources;
			sourceTree = "<group>";
		};
		F6EC19792737B07E006F295A /* Sources */ = {
			isa = PBXGroup;
			children = (
				F6EC19AC2737F4D0006F295A /* DataModels */,
				F6EC197A2737B0FC006F295A /* Application */,
				F6EC197B2737B105006F295A /* VCs */,
				F6EC197C2737B23B006F295A /* CVCs */,
				F6EC197D2737B24D006F295A /* TVCs */,
			);
			path = Sources;
			sourceTree = "<group>";
		};
		F6EC197A2737B0FC006F295A /* Application */ = {
			isa = PBXGroup;
			children = (
				F66D8606273550AE00B81159 /* AppDelegate.swift */,
				F66D8608273550AE00B81159 /* SceneDelegate.swift */,
			);
			path = Application;
			sourceTree = "<group>";
		};
		F6EC197B2737B105006F295A /* VCs */ = {
			isa = PBXGroup;
			children = (
				F6EC19812737BD84006F295A /* HomeVC.swift */,
				F6EC19832737BD9F006F295A /* LifeVC.swift */,
				F6EC19852737BDA9006F295A /* AroundVC.swift */,
				F6EC19872737BDB7006F295A /* ChatVC.swift */,
				F6EC19892737BDC6006F295A /* MyCarrotVC.swift */,
				F6A202CD2739099800A855E0 /* DetailVC.swift */,
			);
			path = VCs;
			sourceTree = "<group>";
		};
		F6EC197C2737B23B006F295A /* CVCs */ = {
			isa = PBXGroup;
			children = (
			);
			path = CVCs;
			sourceTree = "<group>";
		};
		F6EC197D2737B24D006F295A /* TVCs */ = {
			isa = PBXGroup;
			children = (
				F6EC19A72737F07F006F295A /* PostTVC.swift */,
				F6EC198B2737BE8B006F295A /* TabbarController.swift */,
			);
			path = TVCs;
			sourceTree = "<group>";
		};
		F6EC197E2737B29F006F295A /* Xibs */ = {
			isa = PBXGroup;
			children = (
				F6EC197F2737B2A9006F295A /* CVCs */,
				F6EC19802737B2AE006F295A /* TVCs */,
			);
			path = Xibs;
			sourceTree = "<group>";
		};
		F6EC197F2737B2A9006F295A /* CVCs */ = {
			isa = PBXGroup;
			children = (
			);
			path = CVCs;
			sourceTree = "<group>";
		};
		F6EC19802737B2AE006F295A /* TVCs */ = {
			isa = PBXGroup;
			children = (
				F6EC19A82737F07F006F295A /* PostTVC.xib */,
			);
			path = TVCs;
			sourceTree = "<group>";
		};
		F6EC19AC2737F4D0006F295A /* DataModels */ = {
			isa = PBXGroup;
			children = (
				F6EC19AD2737F4FB006F295A /* AppContent.swift */,
			);
			path = DataModels;
			sourceTree = "<group>";
		};
/* End PBXGroup section */

/* Begin PBXNativeTarget section */
		F66D8602273550AE00B81159 /* Carrot_Market_iOS */ = {
			isa = PBXNativeTarget;
			buildConfigurationList = F66D8617273550B000B81159 /* Build configuration list for PBXNativeTarget "Carrot_Market_iOS" */;
			buildPhases = (
				F66D85FF273550AE00B81159 /* Sources */,
				F66D8600273550AE00B81159 /* Frameworks */,
				F66D8601273550AE00B81159 /* Resources */,
			);
			buildRules = (
			);
			dependencies = (
			);
			name = Carrot_Market_iOS;
			productName = Carrot_Market_iOS;
			productReference = F66D8603273550AE00B81159 /* Carrot_Market_iOS.app */;
			productType = "com.apple.product-type.application";
		};
/* End PBXNativeTarget section */

/* Begin PBXProject section */
		F66D85FB273550AE00B81159 /* Project object */ = {
			isa = PBXProject;
			attributes = {
				BuildIndependentTargetsInParallel = 1;
				LastSwiftUpdateCheck = 1300;
				LastUpgradeCheck = 1300;
				TargetAttributes = {
					F66D8602273550AE00B81159 = {
						CreatedOnToolsVersion = 13.0;
					};
				};
			};
			buildConfigurationList = F66D85FE273550AE00B81159 /* Build configuration list for PBXProject "Carrot_Market_iOS" */;
			compatibilityVersion = "Xcode 13.0";
			developmentRegion = en;
			hasScannedForEncodings = 0;
			knownRegions = (
				en,
				Base,
			);
			mainGroup = F66D85FA273550AE00B81159;
			productRefGroup = F66D8604273550AE00B81159 /* Products */;
			projectDirPath = "";
			projectRoot = "";
			targets = (
				F66D8602273550AE00B81159 /* Carrot_Market_iOS */,
			);
		};
/* End PBXProject section */

/* Begin PBXResourcesBuildPhase section */
		F66D8601273550AE00B81159 /* Resources */ = {
			isa = PBXResourcesBuildPhase;
			buildActionMask = 2147483647;
			files = (
				F66D8613273550B000B81159 /* LaunchScreen.storyboard in Resources */,
				F66D8610273550B000B81159 /* Assets.xcassets in Resources */,
				F66D860E273550AE00B81159 /* Main.storyboard in Resources */,
				F6EC19AA2737F07F006F295A /* PostTVC.xib in Resources */,
			);
			runOnlyForDeploymentPostprocessing = 0;
		};
/* End PBXResourcesBuildPhase section */

/* Begin PBXSourcesBuildPhase section */
		F66D85FF273550AE00B81159 /* Sources */ = {
			isa = PBXSourcesBuildPhase;
			buildActionMask = 2147483647;
			files = (
				F6EC19882737BDB7006F295A /* ChatVC.swift in Sources */,
				F6EC19A92737F07F006F295A /* PostTVC.swift in Sources */,
				F6A202CE2739099800A855E0 /* DetailVC.swift in Sources */,
				F6EC198C2737BE8B006F295A /* TabbarController.swift in Sources */,
				F6EC19822737BD84006F295A /* HomeVC.swift in Sources */,
				F66D8607273550AE00B81159 /* AppDelegate.swift in Sources */,
				F6EC19842737BD9F006F295A /* LifeVC.swift in Sources */,
				F6EC198A2737BDC6006F295A /* MyCarrotVC.swift in Sources */,
				F6EC19AE2737F4FB006F295A /* AppContent.swift in Sources */,
				F66D8609273550AE00B81159 /* SceneDelegate.swift in Sources */,
				F6EC19862737BDA9006F295A /* AroundVC.swift in Sources */,
			);
			runOnlyForDeploymentPostprocessing = 0;
		};
/* End PBXSourcesBuildPhase section */

/* Begin PBXVariantGroup section */
		F66D860C273550AE00B81159 /* Main.storyboard */ = {
			isa = PBXVariantGroup;
			children = (
				F66D860D273550AE00B81159 /* Base */,
			);
			name = Main.storyboard;
			sourceTree = "<group>";
		};
		F66D8611273550B000B81159 /* LaunchScreen.storyboard */ = {
			isa = PBXVariantGroup;
			children = (
				F66D8612273550B000B81159 /* Base */,
			);
			name = LaunchScreen.storyboard;
			sourceTree = "<group>";
		};
/* End PBXVariantGroup section */

/* Begin XCBuildConfiguration section */
		F66D8615273550B000B81159 /* Debug */ = {
			isa = XCBuildConfiguration;
			buildSettings = {
				ALWAYS_SEARCH_USER_PATHS = NO;
				CLANG_ANALYZER_NONNULL = YES;
				CLANG_ANALYZER_NUMBER_OBJECT_CONVERSION = YES_AGGRESSIVE;
				CLANG_CXX_LANGUAGE_STANDARD = "gnu++17";
				CLANG_CXX_LIBRARY = "libc++";
				CLANG_ENABLE_MODULES = YES;
				CLANG_ENABLE_OBJC_ARC = YES;
				CLANG_ENABLE_OBJC_WEAK = YES;
				CLANG_WARN_BLOCK_CAPTURE_AUTORELEASING = YES;
				CLANG_WARN_BOOL_CONVERSION = YES;
				CLANG_WARN_COMMA = YES;
				CLANG_WARN_CONSTANT_CONVERSION = YES;
				CLANG_WARN_DEPRECATED_OBJC_IMPLEMENTATIONS = YES;
				CLANG_WARN_DIRECT_OBJC_ISA_USAGE = YES_ERROR;
				CLANG_WARN_DOCUMENTATION_COMMENTS = YES;
				CLANG_WARN_EMPTY_BODY = YES;
				CLANG_WARN_ENUM_CONVERSION = YES;
				CLANG_WARN_INFINITE_RECURSION = YES;
				CLANG_WARN_INT_CONVERSION = YES;
				CLANG_WARN_NON_LITERAL_NULL_CONVERSION = YES;
				CLANG_WARN_OBJC_IMPLICIT_RETAIN_SELF = YES;
				CLANG_WARN_OBJC_LITERAL_CONVERSION = YES;
				CLANG_WARN_OBJC_ROOT_CLASS = YES_ERROR;
				CLANG_WARN_QUOTED_INCLUDE_IN_FRAMEWORK_HEADER = YES;
				CLANG_WARN_RANGE_LOOP_ANALYSIS = YES;
				CLANG_WARN_STRICT_PROTOTYPES = YES;
				CLANG_WARN_SUSPICIOUS_MOVE = YES;
				CLANG_WARN_UNGUARDED_AVAILABILITY = YES_AGGRESSIVE;
				CLANG_WARN_UNREACHABLE_CODE = YES;
				CLANG_WARN__DUPLICATE_METHOD_MATCH = YES;
				COPY_PHASE_STRIP = NO;
				DEBUG_INFORMATION_FORMAT = dwarf;
				ENABLE_STRICT_OBJC_MSGSEND = YES;
				ENABLE_TESTABILITY = YES;
				GCC_C_LANGUAGE_STANDARD = gnu11;
				GCC_DYNAMIC_NO_PIC = NO;
				GCC_NO_COMMON_BLOCKS = YES;
				GCC_OPTIMIZATION_LEVEL = 0;
				GCC_PREPROCESSOR_DEFINITIONS = (
					"DEBUG=1",
					"$(inherited)",
				);
				GCC_WARN_64_TO_32_BIT_CONVERSION = YES;
				GCC_WARN_ABOUT_RETURN_TYPE = YES_ERROR;
				GCC_WARN_UNDECLARED_SELECTOR = YES;
				GCC_WARN_UNINITIALIZED_AUTOS = YES_AGGRESSIVE;
				GCC_WARN_UNUSED_FUNCTION = YES;
				GCC_WARN_UNUSED_VARIABLE = YES;
				IPHONEOS_DEPLOYMENT_TARGET = 15.0;
				MTL_ENABLE_DEBUG_INFO = INCLUDE_SOURCE;
				MTL_FAST_MATH = YES;
				ONLY_ACTIVE_ARCH = YES;
				SDKROOT = iphoneos;
				SWIFT_ACTIVE_COMPILATION_CONDITIONS = DEBUG;
				SWIFT_OPTIMIZATION_LEVEL = "-Onone";
			};
			name = Debug;
		};
		F66D8616273550B000B81159 /* Release */ = {
			isa = XCBuildConfiguration;
			buildSettings = {
				ALWAYS_SEARCH_USER_PATHS = NO;
				CLANG_ANALYZER_NONNULL = YES;
				CLANG_ANALYZER_NUMBER_OBJECT_CONVERSION = YES_AGGRESSIVE;
				CLANG_CXX_LANGUAGE_STANDARD = "gnu++17";
				CLANG_CXX_LIBRARY = "libc++";
				CLANG_ENABLE_MODULES = YES;
				CLANG_ENABLE_OBJC_ARC = YES;
				CLANG_ENABLE_OBJC_WEAK = YES;
				CLANG_WARN_BLOCK_CAPTURE_AUTORELEASING = YES;
				CLANG_WARN_BOOL_CONVERSION = YES;
				CLANG_WARN_COMMA = YES;
				CLANG_WARN_CONSTANT_CONVERSION = YES;
				CLANG_WARN_DEPRECATED_OBJC_IMPLEMENTATIONS = YES;
				CLANG_WARN_DIRECT_OBJC_ISA_USAGE = YES_ERROR;
				CLANG_WARN_DOCUMENTATION_COMMENTS = YES;
				CLANG_WARN_EMPTY_BODY = YES;
				CLANG_WARN_ENUM_CONVERSION = YES;
				CLANG_WARN_INFINITE_RECURSION = YES;
				CLANG_WARN_INT_CONVERSION = YES;
				CLANG_WARN_NON_LITERAL_NULL_CONVERSION = YES;
				CLANG_WARN_OBJC_IMPLICIT_RETAIN_SELF = YES;
				CLANG_WARN_OBJC_LITERAL_CONVERSION = YES;
				CLANG_WARN_OBJC_ROOT_CLASS = YES_ERROR;
				CLANG_WARN_QUOTED_INCLUDE_IN_FRAMEWORK_HEADER = YES;
				CLANG_WARN_RANGE_LOOP_ANALYSIS = YES;
				CLANG_WARN_STRICT_PROTOTYPES = YES;
				CLANG_WARN_SUSPICIOUS_MOVE = YES;
				CLANG_WARN_UNGUARDED_AVAILABILITY = YES_AGGRESSIVE;
				CLANG_WARN_UNREACHABLE_CODE = YES;
				CLANG_WARN__DUPLICATE_METHOD_MATCH = YES;
				COPY_PHASE_STRIP = NO;
				DEBUG_INFORMATION_FORMAT = "dwarf-with-dsym";
				ENABLE_NS_ASSERTIONS = NO;
				ENABLE_STRICT_OBJC_MSGSEND = YES;
				GCC_C_LANGUAGE_STANDARD = gnu11;
				GCC_NO_COMMON_BLOCKS = YES;
				GCC_WARN_64_TO_32_BIT_CONVERSION = YES;
				GCC_WARN_ABOUT_RETURN_TYPE = YES_ERROR;
				GCC_WARN_UNDECLARED_SELECTOR = YES;
				GCC_WARN_UNINITIALIZED_AUTOS = YES_AGGRESSIVE;
				GCC_WARN_UNUSED_FUNCTION = YES;
				GCC_WARN_UNUSED_VARIABLE = YES;
				IPHONEOS_DEPLOYMENT_TARGET = 15.0;
				MTL_ENABLE_DEBUG_INFO = NO;
				MTL_FAST_MATH = YES;
				SDKROOT = iphoneos;
				SWIFT_COMPILATION_MODE = wholemodule;
				SWIFT_OPTIMIZATION_LEVEL = "-O";
				VALIDATE_PRODUCT = YES;
			};
			name = Release;
		};
		F66D8618273550B000B81159 /* Debug */ = {
			isa = XCBuildConfiguration;
			buildSettings = {
				ASSETCATALOG_COMPILER_APPICON_NAME = AppIcon;
				ASSETCATALOG_COMPILER_GLOBAL_ACCENT_COLOR_NAME = AccentColor;
				CODE_SIGN_STYLE = Automatic;
				CURRENT_PROJECT_VERSION = 1;
				DEVELOPMENT_TEAM = RS46GZF8TU;
				GENERATE_INFOPLIST_FILE = YES;
				INFOPLIST_FILE = Carrot_Market_iOS/Info.plist;
				INFOPLIST_KEY_UIApplicationSupportsIndirectInputEvents = YES;
				INFOPLIST_KEY_UILaunchStoryboardName = LaunchScreen;
				INFOPLIST_KEY_UIMainStoryboardFile = Main;
				INFOPLIST_KEY_UISupportedInterfaceOrientations_iPad = "UIInterfaceOrientationPortrait UIInterfaceOrientationPortraitUpsideDown UIInterfaceOrientationLandscapeLeft UIInterfaceOrientationLandscapeRight";
				INFOPLIST_KEY_UISupportedInterfaceOrientations_iPhone = "UIInterfaceOrientationPortrait UIInterfaceOrientationLandscapeLeft UIInterfaceOrientationLandscapeRight";
				LD_RUNPATH_SEARCH_PATHS = (
					"$(inherited)",
					"@executable_path/Frameworks",
				);
				MARKETING_VERSION = 1.0;
				PRODUCT_BUNDLE_IDENTIFIER = "--------.Carrot-Market-iOS";
				PRODUCT_NAME = "$(TARGET_NAME)";
				SWIFT_EMIT_LOC_STRINGS = YES;
				SWIFT_VERSION = 5.0;
				TARGETED_DEVICE_FAMILY = "1,2";
			};
			name = Debug;
		};
		F66D8619273550B000B81159 /* Release */ = {
			isa = XCBuildConfiguration;
			buildSettings = {
				ASSETCATALOG_COMPILER_APPICON_NAME = AppIcon;
				ASSETCATALOG_COMPILER_GLOBAL_ACCENT_COLOR_NAME = AccentColor;
				CODE_SIGN_STYLE = Automatic;
				CURRENT_PROJECT_VERSION = 1;
				DEVELOPMENT_TEAM = RS46GZF8TU;
				GENERATE_INFOPLIST_FILE = YES;
				INFOPLIST_FILE = Carrot_Market_iOS/Info.plist;
				INFOPLIST_KEY_UIApplicationSupportsIndirectInputEvents = YES;
				INFOPLIST_KEY_UILaunchStoryboardName = LaunchScreen;
				INFOPLIST_KEY_UIMainStoryboardFile = Main;
				INFOPLIST_KEY_UISupportedInterfaceOrientations_iPad = "UIInterfaceOrientationPortrait UIInterfaceOrientationPortraitUpsideDown UIInterfaceOrientationLandscapeLeft UIInterfaceOrientationLandscapeRight";
				INFOPLIST_KEY_UISupportedInterfaceOrientations_iPhone = "UIInterfaceOrientationPortrait UIInterfaceOrientationLandscapeLeft UIInterfaceOrientationLandscapeRight";
				LD_RUNPATH_SEARCH_PATHS = (
					"$(inherited)",
					"@executable_path/Frameworks",
				);
				MARKETING_VERSION = 1.0;
				PRODUCT_BUNDLE_IDENTIFIER = "--------.Carrot-Market-iOS";
				PRODUCT_NAME = "$(TARGET_NAME)";
				SWIFT_EMIT_LOC_STRINGS = YES;
				SWIFT_VERSION = 5.0;
				TARGETED_DEVICE_FAMILY = "1,2";
			};
			name = Release;
		};
/* End XCBuildConfiguration section */

/* Begin XCConfigurationList section */
		F66D85FE273550AE00B81159 /* Build configuration list for PBXProject "Carrot_Market_iOS" */ = {
			isa = XCConfigurationList;
			buildConfigurations = (
				F66D8615273550B000B81159 /* Debug */,
				F66D8616273550B000B81159 /* Release */,
			);
			defaultConfigurationIsVisible = 0;
			defaultConfigurationName = Release;
		};
		F66D8617273550B000B81159 /* Build configuration list for PBXNativeTarget "Carrot_Market_iOS" */ = {
			isa = XCConfigurationList;
			buildConfigurations = (
				F66D8618273550B000B81159 /* Debug */,
				F66D8619273550B000B81159 /* Release */,
			);
			defaultConfigurationIsVisible = 0;
			defaultConfigurationName = Release;
		};
/* End XCConfigurationList section */
	};
	rootObject = F66D85FB273550AE00B81159 /* Project object */;
}
