PODS:
  - JJFloatingActionButton (2.5.0)

DEPENDENCIES:
  - JJFloatingActionButton

SPEC REPOS:
  https://github.com/CocoaPods/Specs.git:
    - JJFloatingActionButton

SPEC CHECKSUMS:
  JJFloatingActionButton: fdc3aefb0f28f04d0f988fa25d5fac97028a9ea7

PODFILE CHECKSUM: 7a53565c09caf984d208196c3293515480674dac

COCOAPODS: 1.11.2
